[[package]]
name = "aiofiles"
version = "0.6.0"
description = "File support for asyncio."
category = "main"
optional = false
python-versions = "*"

[[package]]
name = "atomicwrites"
version = "1.4.0"
description = "Atomic file writes."
category = "dev"
optional = false
python-versions = ">=2.7, !=3.0.*, !=3.1.*, !=3.2.*, !=3.3.*"

[[package]]
name = "attrs"
version = "20.3.0"
description = "Classes Without Boilerplate"
category = "dev"
optional = false
python-versions = ">=2.7, !=3.0.*, !=3.1.*, !=3.2.*, !=3.3.*"

[package.extras]
dev = ["coverage[toml] (>=5.0.2)", "hypothesis", "pympler", "pytest (>=4.3.0)", "six", "zope.interface", "furo", "sphinx", "pre-commit"]
docs = ["furo", "sphinx", "zope.interface"]
tests = ["coverage[toml] (>=5.0.2)", "hypothesis", "pympler", "pytest (>=4.3.0)", "six", "zope.interface"]
tests_no_zope = ["coverage[toml] (>=5.0.2)", "hypothesis", "pympler", "pytest (>=4.3.0)", "six"]

[[package]]
name = "brainflow"
version = "3.7.1"
description = "Python Binding for BrainFlow"
category = "main"
optional = false
python-versions = ">=3.5.6"

[package.dependencies]
nptyping = "*"
numpy = "*"

[[package]]
name = "click"
version = "7.1.2"
description = "Composable command line interface toolkit"
category = "main"
optional = false
python-versions = ">=2.7, !=3.0.*, !=3.1.*, !=3.2.*, !=3.3.*, !=3.4.*"

[[package]]
name = "colorama"
version = "0.4.4"
description = "Cross-platform colored terminal text."
category = "main"
optional = false
python-versions = ">=2.7, !=3.0.*, !=3.1.*, !=3.2.*, !=3.3.*, !=3.4.*"

[[package]]
name = "fastapi"
version = "0.61.2"
description = "FastAPI framework, high performance, easy to learn, fast to code, ready for production"
category = "main"
optional = false
python-versions = ">=3.6"

[package.dependencies]
pydantic = ">=1.0.0,<2.0.0"
starlette = "0.13.6"

[package.extras]
all = ["requests (>=2.24.0,<3.0.0)", "aiofiles (>=0.5.0,<0.6.0)", "jinja2 (>=2.11.2,<3.0.0)", "python-multipart (>=0.0.5,<0.0.6)", "itsdangerous (>=1.1.0,<2.0.0)", "pyyaml (>=5.3.1,<6.0.0)", "graphene (>=2.1.8,<3.0.0)", "ujson (>=3.0.0,<4.0.0)", "orjson (>=3.2.1,<4.0.0)", "email_validator (>=1.1.1,<2.0.0)", "uvicorn (>=0.11.5,<0.12.0)", "async_exit_stack (>=1.0.1,<2.0.0)", "async_generator (>=1.10,<2.0.0)"]
dev = ["python-jose[cryptography] (>=3.1.0,<4.0.0)", "passlib[bcrypt] (>=1.7.2,<2.0.0)", "autoflake (>=1.3.1,<2.0.0)", "flake8 (>=3.8.3,<4.0.0)", "uvicorn (>=0.11.5,<0.12.0)", "graphene (>=2.1.8,<3.0.0)"]
doc = ["mkdocs (>=1.1.2,<2.0.0)", "mkdocs-material (>=5.5.0,<6.0.0)", "markdown-include (>=0.5.1,<0.6.0)", "mkdocs-markdownextradata-plugin (>=0.1.7,<0.2.0)", "typer (>=0.3.0,<0.4.0)", "typer-cli (>=0.0.9,<0.0.10)", "pyyaml (>=5.3.1,<6.0.0)"]
test = ["pytest (==5.4.3)", "pytest-cov (==2.10.0)", "pytest-asyncio (>=0.14.0,<0.15.0)", "mypy (==0.782)", "flake8 (>=3.8.3,<4.0.0)", "black (==19.10b0)", "isort (>=5.0.6,<6.0.0)", "requests (>=2.24.0,<3.0.0)", "httpx (>=0.14.0,<0.15.0)", "email_validator (>=1.1.1,<2.0.0)", "sqlalchemy (>=1.3.18,<2.0.0)", "peewee (>=3.13.3,<4.0.0)", "databases[sqlite] (>=0.3.2,<0.4.0)", "orjson (>=3.2.1,<4.0.0)", "async_exit_stack (>=1.0.1,<2.0.0)", "async_generator (>=1.10,<2.0.0)", "python-multipart (>=0.0.5,<0.0.6)", "aiofiles (>=0.5.0,<0.6.0)", "flask (>=1.1.2,<2.0.0)"]

[[package]]
name = "h11"
version = "0.11.0"
description = "A pure-Python, bring-your-own-I/O implementation of HTTP/1.1"
category = "main"
optional = false
python-versions = "*"

[[package]]
name = "importlib-metadata"
version = "2.0.0"
description = "Read metadata from Python packages"
category = "dev"
optional = false
python-versions = "!=3.0.*,!=3.1.*,!=3.2.*,!=3.3.*,!=3.4.*,>=2.7"

[package.dependencies]
zipp = ">=0.5"

[package.extras]
docs = ["sphinx", "rst.linker"]
testing = ["packaging", "pep517", "importlib-resources (>=1.3)"]

[[package]]
name = "more-itertools"
version = "8.6.0"
description = "More routines for operating on iterables, beyond itertools"
category = "dev"
optional = false
python-versions = ">=3.5"

[[package]]
name = "nptyping"
version = "1.3.0"
description = "Type hints for Numpy."
category = "main"
optional = false
python-versions = ">=3.5"

[package.dependencies]
numpy = "*"
typish = ">=1.5.2"

[package.extras]
test = ["pycodestyle", "pylint", "pytest", "coverage", "codecov"]

[[package]]
name = "numpy"
version = "1.19.4"
description = "NumPy is the fundamental package for array computing with Python."
category = "main"
optional = false
python-versions = ">=3.6"

[[package]]
name = "packaging"
version = "20.4"
description = "Core utilities for Python packages"
category = "dev"
optional = false
python-versions = ">=2.7, !=3.0.*, !=3.1.*, !=3.2.*, !=3.3.*"

[package.dependencies]
pyparsing = ">=2.0.2"
six = "*"

[[package]]
name = "pluggy"
version = "0.13.1"
description = "plugin and hook calling mechanisms for python"
category = "dev"
optional = false
python-versions = ">=2.7, !=3.0.*, !=3.1.*, !=3.2.*, !=3.3.*"

[package.dependencies]
importlib-metadata = {version = ">=0.12", markers = "python_version < \"3.8\""}

[package.extras]
dev = ["pre-commit", "tox"]

[[package]]
name = "py"
version = "1.9.0"
description = "library with cross-python path, ini-parsing, io, code, log facilities"
category = "dev"
optional = false
python-versions = ">=2.7, !=3.0.*, !=3.1.*, !=3.2.*, !=3.3.*"

[[package]]
name = "pydantic"
version = "1.7.2"
description = "Data validation and settings management using python 3.6 type hinting"
category = "main"
optional = false
python-versions = ">=3.6"

[package.extras]
dotenv = ["python-dotenv (>=0.10.4)"]
email = ["email-validator (>=1.0.3)"]
typing_extensions = ["typing-extensions (>=3.7.2)"]

[[package]]
name = "pyparsing"
version = "2.4.7"
description = "Python parsing module"
category = "dev"
optional = false
python-versions = ">=2.6, !=3.0.*, !=3.1.*, !=3.2.*"

[[package]]
name = "pyqt5"
version = "5.15.1"
description = "Python bindings for the Qt cross platform application toolkit"
category = "main"
optional = false
python-versions = ">=3.5"

[package.dependencies]
PyQt5-sip = ">=12.8,<13"

[[package]]
name = "pyqt5-sip"
version = "12.8.1"
description = "The sip module support for PyQt5"
category = "main"
optional = false
python-versions = ">=3.5"

[[package]]
name = "pyshortcuts"
version = "1.7.1"
description = "create desktop and Start Menu shortcuts for python scripts"
category = "main"
optional = false
python-versions = ">=2.7, !=3.0.*, !=3.1.*, !=3.2.*, !=3.3.*"

[package.dependencies]
six = "*"

[[package]]
name = "pytest"
version = "5.4.3"
description = "pytest: simple powerful testing with Python"
category = "dev"
optional = false
python-versions = ">=3.5"

[package.dependencies]
atomicwrites = {version = ">=1.0", markers = "sys_platform == \"win32\""}
attrs = ">=17.4.0"
colorama = {version = "*", markers = "sys_platform == \"win32\""}
importlib-metadata = {version = ">=0.12", markers = "python_version < \"3.8\""}
more-itertools = ">=4.0.0"
packaging = "*"
pluggy = ">=0.12,<1.0"
py = ">=1.5.0"
wcwidth = "*"

[package.extras]
checkqa-mypy = ["mypy (==v0.761)"]
testing = ["argcomplete", "hypothesis (>=3.56)", "mock", "nose", "requests", "xmlschema"]

[[package]]
name = "pyyaml"
version = "5.3.1"
description = "YAML parser and emitter for Python"
category = "main"
optional = false
python-versions = ">=2.7, !=3.0.*, !=3.1.*, !=3.2.*, !=3.3.*, !=3.4.*"

[[package]]
name = "qtawesome"
version = "1.0.1"
description = "FontAwesome icons in PyQt and PySide applications"
category = "main"
optional = false
python-versions = "*"

[package.dependencies]
qtpy = "*"

[[package]]
name = "qtpy"
version = "1.9.0"
description = "Provides an abstraction layer on top of the various Qt bindings (PyQt5, PyQt4 and PySide) and additional custom QWidgets."
category = "main"
optional = false
python-versions = "*"

[[package]]
name = "shellingham"
version = "1.3.2"
description = "Tool to Detect Surrounding Shell"
category = "main"
optional = false
python-versions = "!=3.0,!=3.1,!=3.2,!=3.3,>=2.6"

[[package]]
name = "six"
version = "1.15.0"
description = "Python 2 and 3 compatibility utilities"
category = "main"
optional = false
python-versions = ">=2.7, !=3.0.*, !=3.1.*, !=3.2.*"

[[package]]
name = "starlette"
version = "0.13.6"
description = "The little ASGI library that shines."
category = "main"
optional = false
python-versions = ">=3.6"

[package.extras]
full = ["aiofiles", "graphene", "itsdangerous", "jinja2", "python-multipart", "pyyaml", "requests", "ujson"]

[[package]]
name = "typer"
version = "0.3.2"
description = "Typer, build great CLIs. Easy to code. Based on Python type hints."
category = "main"
optional = false
python-versions = ">=3.6"

[package.dependencies]
click = ">=7.1.1,<7.2.0"
colorama = {version = ">=0.4.3,<0.5.0", optional = true, markers = "extra == \"all\""}
shellingham = {version = ">=1.3.0,<2.0.0", optional = true, markers = "extra == \"all\""}

[package.extras]
test = ["pytest-xdist (>=1.32.0,<2.0.0)", "pytest-sugar (>=0.9.4,<0.10.0)", "mypy (==0.782)", "black (>=19.10b0,<20.0b0)", "isort (>=5.0.6,<6.0.0)", "shellingham (>=1.3.0,<2.0.0)", "pytest (>=4.4.0,<5.4.0)", "pytest-cov (>=2.10.0,<3.0.0)", "coverage (>=5.2,<6.0)"]
all = ["colorama (>=0.4.3,<0.5.0)", "shellingham (>=1.3.0,<2.0.0)"]
dev = ["autoflake (>=1.3.1,<2.0.0)", "flake8 (>=3.8.3,<4.0.0)"]
doc = ["mkdocs (>=1.1.2,<2.0.0)", "mkdocs-material (>=5.4.0,<6.0.0)", "markdown-include (>=0.5.1,<0.6.0)"]

[[package]]
name = "typing-extensions"
version = "3.7.4.3"
description = "Backported and Experimental Type Hints for Python 3.5+"
category = "main"
optional = false
python-versions = "*"

[[package]]
name = "typish"
version = "1.9.1"
description = "Functionality for types"
category = "main"
optional = false
python-versions = "*"

[package.extras]
test = ["numpy", "nptyping (>=1.3.0)", "pycodestyle", "pylint", "mypy", "pytest", "coverage", "codecov"]

[[package]]
name = "uvicorn"
version = "0.12.2"
description = "The lightning-fast ASGI server."
category = "main"
optional = false
python-versions = "*"

[package.dependencies]
click = ">=7.0.0,<8.0.0"
h11 = ">=0.8"
typing-extensions = {version = "*", markers = "python_version < \"3.8\""}

[package.extras]
standard = ["websockets (>=8.0.0,<9.0.0)", "watchgod (>=0.6,<0.7)", "python-dotenv (>=0.13)", "PyYAML (>=5.1)", "httptools (>=0.1.0,<0.2.0)", "uvloop (>=0.14.0)", "colorama (>=0.4)"]

[[package]]
name = "wcwidth"
version = "0.2.5"
description = "Measures the displayed width of unicode strings in a terminal"
category = "dev"
optional = false
python-versions = "*"

[[package]]
name = "zipp"
version = "3.4.0"
description = "Backport of pathlib-compatible object wrapper for zip files"
category = "dev"
optional = false
python-versions = ">=3.6"

[package.extras]
docs = ["sphinx", "jaraco.packaging (>=3.2)", "rst.linker (>=1.9)"]
testing = ["pytest (>=3.5,!=3.7.3)", "pytest-checkdocs (>=1.2.3)", "pytest-flake8", "pytest-cov", "jaraco.test (>=3.2.0)", "jaraco.itertools", "func-timeout", "pytest-black (>=0.3.7)", "pytest-mypy"]

[metadata]
lock-version = "1.1"
python-versions = "^3.7"
content-hash = "94ccb517b651638cad036eeccda67b398e3faa22028ce9fe842877f0b85e61aa"

[metadata.files]
aiofiles = [
    {file = "aiofiles-0.6.0-py3-none-any.whl", hash = "sha256:bd3019af67f83b739f8e4053c6c0512a7f545b9a8d91aaeab55e6e0f9d123c27"},
    {file = "aiofiles-0.6.0.tar.gz", hash = "sha256:e0281b157d3d5d59d803e3f4557dcc9a3dff28a4dd4829a9ff478adae50ca092"},
]
atomicwrites = [
    {file = "atomicwrites-1.4.0-py2.py3-none-any.whl", hash = "sha256:6d1784dea7c0c8d4a5172b6c620f40b6e4cbfdf96d783691f2e1302a7b88e197"},
    {file = "atomicwrites-1.4.0.tar.gz", hash = "sha256:ae70396ad1a434f9c7046fd2dd196fc04b12f9e91ffb859164193be8b6168a7a"},
]
attrs = [
    {file = "attrs-20.3.0-py2.py3-none-any.whl", hash = "sha256:31b2eced602aa8423c2aea9c76a724617ed67cf9513173fd3a4f03e3a929c7e6"},
    {file = "attrs-20.3.0.tar.gz", hash = "sha256:832aa3cde19744e49938b91fea06d69ecb9e649c93ba974535d08ad92164f700"},
]
brainflow = [
    {file = "brainflow-3.7.1-py3-none-any.whl", hash = "sha256:f5e80175e1a19b287afd21baf16037ffc99d4c13403694f905e708a5b1aad15d"},
]
click = [
    {file = "click-7.1.2-py2.py3-none-any.whl", hash = "sha256:dacca89f4bfadd5de3d7489b7c8a566eee0d3676333fbb50030263894c38c0dc"},
    {file = "click-7.1.2.tar.gz", hash = "sha256:d2b5255c7c6349bc1bd1e59e08cd12acbbd63ce649f2588755783aa94dfb6b1a"},
]
colorama = [
    {file = "colorama-0.4.4-py2.py3-none-any.whl", hash = "sha256:9f47eda37229f68eee03b24b9748937c7dc3868f906e8ba69fbcbdd3bc5dc3e2"},
    {file = "colorama-0.4.4.tar.gz", hash = "sha256:5941b2b48a20143d2267e95b1c2a7603ce057ee39fd88e7329b0c292aa16869b"},
]
fastapi = [
    {file = "fastapi-0.61.2-py3-none-any.whl", hash = "sha256:8c8517680a221e69eb34073adf46c503092db2f24845b7bdc7f85b54f24ff0df"},
    {file = "fastapi-0.61.2.tar.gz", hash = "sha256:9e0494fcbba98f85b8cc9b2606bb6b625246e1b12f79ca61f508b0b00843eca6"},
]
h11 = [
    {file = "h11-0.11.0-py2.py3-none-any.whl", hash = "sha256:ab6c335e1b6ef34b205d5ca3e228c9299cc7218b049819ec84a388c2525e5d87"},
    {file = "h11-0.11.0.tar.gz", hash = "sha256:3c6c61d69c6f13d41f1b80ab0322f1872702a3ba26e12aa864c928f6a43fbaab"},
]
importlib-metadata = [
    {file = "importlib_metadata-2.0.0-py2.py3-none-any.whl", hash = "sha256:cefa1a2f919b866c5beb7c9f7b0ebb4061f30a8a9bf16d609b000e2dfaceb9c3"},
    {file = "importlib_metadata-2.0.0.tar.gz", hash = "sha256:77a540690e24b0305878c37ffd421785a6f7e53c8b5720d211b211de8d0e95da"},
]
more-itertools = [
    {file = "more-itertools-8.6.0.tar.gz", hash = "sha256:b3a9005928e5bed54076e6e549c792b306fddfe72b2d1d22dd63d42d5d3899cf"},
    {file = "more_itertools-8.6.0-py3-none-any.whl", hash = "sha256:8e1a2a43b2f2727425f2b5839587ae37093f19153dc26c0927d1048ff6557330"},
]
nptyping = [
    {file = "nptyping-1.3.0-py3-none-any.whl", hash = "sha256:c8ff622f5eb166d45c5e68ebabdcc8c15d1a92e24fb9c88fd3e277e6f6f915b6"},
]
numpy = [
    {file = "numpy-1.19.4-cp36-cp36m-macosx_10_9_x86_64.whl", hash = "sha256:e9b30d4bd69498fc0c3fe9db5f62fffbb06b8eb9321f92cc970f2969be5e3949"},
    {file = "numpy-1.19.4-cp36-cp36m-manylinux1_i686.whl", hash = "sha256:fedbd128668ead37f33917820b704784aff695e0019309ad446a6d0b065b57e4"},
    {file = "numpy-1.19.4-cp36-cp36m-manylinux1_x86_64.whl", hash = "sha256:8ece138c3a16db8c1ad38f52eb32be6086cc72f403150a79336eb2045723a1ad"},
    {file = "numpy-1.19.4-cp36-cp36m-manylinux2010_i686.whl", hash = "sha256:64324f64f90a9e4ef732be0928be853eee378fd6a01be21a0a8469c4f2682c83"},
    {file = "numpy-1.19.4-cp36-cp36m-manylinux2010_x86_64.whl", hash = "sha256:ad6f2ff5b1989a4899bf89800a671d71b1612e5ff40866d1f4d8bcf48d4e5764"},
    {file = "numpy-1.19.4-cp36-cp36m-manylinux2014_aarch64.whl", hash = "sha256:d6c7bb82883680e168b55b49c70af29b84b84abb161cbac2800e8fcb6f2109b6"},
    {file = "numpy-1.19.4-cp36-cp36m-win32.whl", hash = "sha256:13d166f77d6dc02c0a73c1101dd87fdf01339febec1030bd810dcd53fff3b0f1"},
    {file = "numpy-1.19.4-cp36-cp36m-win_amd64.whl", hash = "sha256:448ebb1b3bf64c0267d6b09a7cba26b5ae61b6d2dbabff7c91b660c7eccf2bdb"},
    {file = "numpy-1.19.4-cp37-cp37m-macosx_10_9_x86_64.whl", hash = "sha256:27d3f3b9e3406579a8af3a9f262f5339005dd25e0ecf3cf1559ff8a49ed5cbf2"},
    {file = "numpy-1.19.4-cp37-cp37m-manylinux1_i686.whl", hash = "sha256:16c1b388cc31a9baa06d91a19366fb99ddbe1c7b205293ed072211ee5bac1ed2"},
    {file = "numpy-1.19.4-cp37-cp37m-manylinux1_x86_64.whl", hash = "sha256:e5b6ed0f0b42317050c88022349d994fe72bfe35f5908617512cd8c8ef9da2a9"},
    {file = "numpy-1.19.4-cp37-cp37m-manylinux2010_i686.whl", hash = "sha256:18bed2bcb39e3f758296584337966e68d2d5ba6aab7e038688ad53c8f889f757"},
    {file = "numpy-1.19.4-cp37-cp37m-manylinux2010_x86_64.whl", hash = "sha256:fe45becb4c2f72a0907c1d0246ea6449fe7a9e2293bb0e11c4e9a32bb0930a15"},
    {file = "numpy-1.19.4-cp37-cp37m-manylinux2014_aarch64.whl", hash = "sha256:6d7593a705d662be5bfe24111af14763016765f43cb6923ed86223f965f52387"},
    {file = "numpy-1.19.4-cp37-cp37m-win32.whl", hash = "sha256:6ae6c680f3ebf1cf7ad1d7748868b39d9f900836df774c453c11c5440bc15b36"},
    {file = "numpy-1.19.4-cp37-cp37m-win_amd64.whl", hash = "sha256:9eeb7d1d04b117ac0d38719915ae169aa6b61fca227b0b7d198d43728f0c879c"},
    {file = "numpy-1.19.4-cp38-cp38-macosx_10_9_x86_64.whl", hash = "sha256:cb1017eec5257e9ac6209ac172058c430e834d5d2bc21961dceeb79d111e5909"},
    {file = "numpy-1.19.4-cp38-cp38-manylinux1_i686.whl", hash = "sha256:edb01671b3caae1ca00881686003d16c2209e07b7ef8b7639f1867852b948f7c"},
    {file = "numpy-1.19.4-cp38-cp38-manylinux1_x86_64.whl", hash = "sha256:f29454410db6ef8126c83bd3c968d143304633d45dc57b51252afbd79d700893"},
    {file = "numpy-1.19.4-cp38-cp38-manylinux2010_i686.whl", hash = "sha256:ec149b90019852266fec2341ce1db513b843e496d5a8e8cdb5ced1923a92faab"},
    {file = "numpy-1.19.4-cp38-cp38-manylinux2010_x86_64.whl", hash = "sha256:1aeef46a13e51931c0b1cf8ae1168b4a55ecd282e6688fdb0a948cc5a1d5afb9"},
    {file = "numpy-1.19.4-cp38-cp38-manylinux2014_aarch64.whl", hash = "sha256:08308c38e44cc926bdfce99498b21eec1f848d24c302519e64203a8da99a97db"},
    {file = "numpy-1.19.4-cp38-cp38-win32.whl", hash = "sha256:5734bdc0342aba9dfc6f04920988140fb41234db42381cf7ccba64169f9fe7ac"},
    {file = "numpy-1.19.4-cp38-cp38-win_amd64.whl", hash = "sha256:09c12096d843b90eafd01ea1b3307e78ddd47a55855ad402b157b6c4862197ce"},
    {file = "numpy-1.19.4-cp39-cp39-macosx_10_9_x86_64.whl", hash = "sha256:e452dc66e08a4ce642a961f134814258a082832c78c90351b75c41ad16f79f63"},
    {file = "numpy-1.19.4-cp39-cp39-manylinux1_i686.whl", hash = "sha256:a5d897c14513590a85774180be713f692df6fa8ecf6483e561a6d47309566f37"},
    {file = "numpy-1.19.4-cp39-cp39-manylinux1_x86_64.whl", hash = "sha256:a09f98011236a419ee3f49cedc9ef27d7a1651df07810ae430a6b06576e0b414"},
    {file = "numpy-1.19.4-cp39-cp39-manylinux2010_i686.whl", hash = "sha256:50e86c076611212ca62e5a59f518edafe0c0730f7d9195fec718da1a5c2bb1fc"},
    {file = "numpy-1.19.4-cp39-cp39-manylinux2010_x86_64.whl", hash = "sha256:f0d3929fe88ee1c155129ecd82f981b8856c5d97bcb0d5f23e9b4242e79d1de3"},
    {file = "numpy-1.19.4-cp39-cp39-manylinux2014_aarch64.whl", hash = "sha256:c42c4b73121caf0ed6cd795512c9c09c52a7287b04d105d112068c1736d7c753"},
    {file = "numpy-1.19.4-cp39-cp39-win32.whl", hash = "sha256:8cac8790a6b1ddf88640a9267ee67b1aee7a57dfa2d2dd33999d080bc8ee3a0f"},
    {file = "numpy-1.19.4-cp39-cp39-win_amd64.whl", hash = "sha256:4377e10b874e653fe96985c05feed2225c912e328c8a26541f7fc600fb9c637b"},
    {file = "numpy-1.19.4-pp36-pypy36_pp73-manylinux2010_x86_64.whl", hash = "sha256:2a2740aa9733d2e5b2dfb33639d98a64c3b0f24765fed86b0fd2aec07f6a0a08"},
    {file = "numpy-1.19.4.zip", hash = "sha256:141ec3a3300ab89c7f2b0775289954d193cc8edb621ea05f99db9cb181530512"},
]
packaging = [
    {file = "packaging-20.4-py2.py3-none-any.whl", hash = "sha256:998416ba6962ae7fbd6596850b80e17859a5753ba17c32284f67bfff33784181"},
    {file = "packaging-20.4.tar.gz", hash = "sha256:4357f74f47b9c12db93624a82154e9b120fa8293699949152b22065d556079f8"},
]
pluggy = [
    {file = "pluggy-0.13.1-py2.py3-none-any.whl", hash = "sha256:966c145cd83c96502c3c3868f50408687b38434af77734af1e9ca461a4081d2d"},
    {file = "pluggy-0.13.1.tar.gz", hash = "sha256:15b2acde666561e1298d71b523007ed7364de07029219b604cf808bfa1c765b0"},
]
py = [
    {file = "py-1.9.0-py2.py3-none-any.whl", hash = "sha256:366389d1db726cd2fcfc79732e75410e5fe4d31db13692115529d34069a043c2"},
    {file = "py-1.9.0.tar.gz", hash = "sha256:9ca6883ce56b4e8da7e79ac18787889fa5206c79dcc67fb065376cd2fe03f342"},
]
pydantic = [
    {file = "pydantic-1.7.2-cp36-cp36m-macosx_10_9_x86_64.whl", hash = "sha256:dfaa6ed1d509b5aef4142084206584280bb6e9014f01df931ec6febdad5b200a"},
    {file = "pydantic-1.7.2-cp36-cp36m-manylinux1_i686.whl", hash = "sha256:2182ba2a9290964b278bcc07a8d24207de709125d520efec9ad6fa6f92ee058d"},
    {file = "pydantic-1.7.2-cp36-cp36m-manylinux2014_i686.whl", hash = "sha256:0fe8b45d31ae53d74a6aa0bf801587bd49970070eac6a6326f9fa2a302703b8a"},
    {file = "pydantic-1.7.2-cp36-cp36m-manylinux2014_x86_64.whl", hash = "sha256:01f0291f4951580f320f7ae3f2ecaf0044cdebcc9b45c5f882a7e84453362420"},
    {file = "pydantic-1.7.2-cp36-cp36m-win_amd64.whl", hash = "sha256:4ba6b903e1b7bd3eb5df0e78d7364b7e831ed8b4cd781ebc3c4f1077fbcb72a4"},
    {file = "pydantic-1.7.2-cp37-cp37m-macosx_10_9_x86_64.whl", hash = "sha256:b11fc9530bf0698c8014b2bdb3bbc50243e82a7fa2577c8cfba660bcc819e768"},
    {file = "pydantic-1.7.2-cp37-cp37m-manylinux1_i686.whl", hash = "sha256:a3c274c49930dc047a75ecc865e435f3df89715c775db75ddb0186804d9b04d0"},
    {file = "pydantic-1.7.2-cp37-cp37m-manylinux2014_i686.whl", hash = "sha256:c68b5edf4da53c98bb1ccb556ae8f655575cb2e676aef066c12b08c724a3f1a1"},
    {file = "pydantic-1.7.2-cp37-cp37m-manylinux2014_x86_64.whl", hash = "sha256:95d4410c4e429480c736bba0db6cce5aaa311304aea685ebcf9ee47571bfd7c8"},
    {file = "pydantic-1.7.2-cp37-cp37m-win_amd64.whl", hash = "sha256:a2fc7bf77ed4a7a961d7684afe177ff59971828141e608f142e4af858e07dddc"},
    {file = "pydantic-1.7.2-cp38-cp38-macosx_10_9_x86_64.whl", hash = "sha256:b9572c0db13c8658b4a4cb705dcaae6983aeb9842248b36761b3fbc9010b740f"},
    {file = "pydantic-1.7.2-cp38-cp38-manylinux1_i686.whl", hash = "sha256:f83f679e727742b0c465e7ef992d6da4a7e5268b8edd8fdaf5303276374bef52"},
    {file = "pydantic-1.7.2-cp38-cp38-manylinux2014_i686.whl", hash = "sha256:e5fece30e80087d9b7986104e2ac150647ec1658c4789c89893b03b100ca3164"},
    {file = "pydantic-1.7.2-cp38-cp38-manylinux2014_x86_64.whl", hash = "sha256:ce2d452961352ba229fe1e0b925b41c0c37128f08dddb788d0fd73fd87ea0f66"},
    {file = "pydantic-1.7.2-cp38-cp38-win_amd64.whl", hash = "sha256:fc21a37ff3f545de80b166e1735c4172b41b017948a3fb2d5e2f03c219eac50a"},
    {file = "pydantic-1.7.2-cp39-cp39-macosx_10_9_x86_64.whl", hash = "sha256:c9760d1556ec59ff745f88269a8f357e2b7afc75c556b3a87b8dda5bc62da8ba"},
    {file = "pydantic-1.7.2-cp39-cp39-manylinux1_i686.whl", hash = "sha256:2c1673633ad1eea78b1c5c420a47cd48717d2ef214c8230d96ca2591e9e00958"},
    {file = "pydantic-1.7.2-cp39-cp39-manylinux2014_i686.whl", hash = "sha256:388c0c26c574ff49bad7d0fd6ed82fbccd86a0473fa3900397d3354c533d6ebb"},
    {file = "pydantic-1.7.2-cp39-cp39-manylinux2014_x86_64.whl", hash = "sha256:ab1d5e4d8de00575957e1c982b951bffaedd3204ddd24694e3baca3332e53a23"},
    {file = "pydantic-1.7.2-cp39-cp39-win_amd64.whl", hash = "sha256:f045cf7afb3352a03bc6cb993578a34560ac24c5d004fa33c76efec6ada1361a"},
    {file = "pydantic-1.7.2-py3-none-any.whl", hash = "sha256:6665f7ab7fbbf4d3c1040925ff4d42d7549a8c15fe041164adfe4fc2134d4cce"},
    {file = "pydantic-1.7.2.tar.gz", hash = "sha256:c8200aecbd1fb914e1bd061d71a4d1d79ecb553165296af0c14989b89e90d09b"},
]
pyparsing = [
    {file = "pyparsing-2.4.7-py2.py3-none-any.whl", hash = "sha256:ef9d7589ef3c200abe66653d3f1ab1033c3c419ae9b9bdb1240a85b024efc88b"},
    {file = "pyparsing-2.4.7.tar.gz", hash = "sha256:c203ec8783bf771a155b207279b9bccb8dea02d8f0c9e5f8ead507bc3246ecc1"},
]
pyqt5 = [
    {file = "PyQt5-5.15.1-5.15.1-cp35.cp36.cp37.cp38.cp39-abi3-macosx_10_13_intel.whl", hash = "sha256:b9e7cc3ec69f80834f3f7507478c77e4d42411d5e9e557350e61b2660d12abc2"},
    {file = "PyQt5-5.15.1-5.15.1-cp35.cp36.cp37.cp38.cp39-abi3-manylinux2014_x86_64.whl", hash = "sha256:b1ea7e82004dc7b311d1e29df2f276461016e2d180e10c73805ace4376125ed9"},
    {file = "PyQt5-5.15.1-5.15.1-cp35.cp36.cp37.cp38.cp39-none-win32.whl", hash = "sha256:4e47021c2b8e89a3bc64247dfb224144e5c8d77e3ab44f3842d120aab6b3cbd4"},
    {file = "PyQt5-5.15.1-5.15.1-cp35.cp36.cp37.cp38.cp39-none-win_amd64.whl", hash = "sha256:17a6d5258796bae16e447aa3efa00258425c09cf88ef68238762628a5dde7c6f"},
    {file = "PyQt5-5.15.1.tar.gz", hash = "sha256:d9a76b850246d08da9863189ecb98f6c2aa9b4d97a3e85e29330a264aed0f9a1"},
]
pyqt5-sip = [
    {file = "PyQt5_sip-12.8.1-cp35-cp35m-macosx_10_6_intel.whl", hash = "sha256:bb5a87b66fc1445915104ee97f7a20a69decb42f52803e3b0795fa17ff88226c"},
    {file = "PyQt5_sip-12.8.1-cp35-cp35m-manylinux1_x86_64.whl", hash = "sha256:a29e2ac399429d3b7738f73e9081e50783e61ac5d29344e0802d0dcd6056c5a2"},
    {file = "PyQt5_sip-12.8.1-cp35-cp35m-win32.whl", hash = "sha256:0304ca9114b9817a270f67f421355075b78ff9fc25ac58ffd72c2601109d2194"},
    {file = "PyQt5_sip-12.8.1-cp35-cp35m-win_amd64.whl", hash = "sha256:84ba7746762bd223bed22428e8561aa267a229c28344c2d28c5d5d3f8970cffb"},
    {file = "PyQt5_sip-12.8.1-cp36-cp36m-macosx_10_6_intel.whl", hash = "sha256:7b81382ce188d63890a0e35abe0f9bb946cabc873a31873b73583b0fc84ac115"},
    {file = "PyQt5_sip-12.8.1-cp36-cp36m-manylinux1_x86_64.whl", hash = "sha256:b6d42250baec52a5f77de64e2951d001c5501c3a2df2179f625b241cbaec3369"},
    {file = "PyQt5_sip-12.8.1-cp36-cp36m-win32.whl", hash = "sha256:6c1ebee60f1d2b3c70aff866b7933d8d8d7646011f7c32f9321ee88c290aa4f9"},
    {file = "PyQt5_sip-12.8.1-cp36-cp36m-win_amd64.whl", hash = "sha256:34dcd29be47553d5f016ff86e89e24cbc5eebae92eb2f96fb32d2d7ba028c43c"},
    {file = "PyQt5_sip-12.8.1-cp37-cp37m-macosx_10_9_x86_64.whl", hash = "sha256:ed897c58acf4a3cdca61469daa31fe6e44c33c6c06a37c3f21fab31780b3b86a"},
    {file = "PyQt5_sip-12.8.1-cp37-cp37m-manylinux1_x86_64.whl", hash = "sha256:a1b8ef013086e224b8e86c93f880f776d01b59195bdfa2a8e0b23f0480678fec"},
    {file = "PyQt5_sip-12.8.1-cp37-cp37m-win32.whl", hash = "sha256:0cd969be528c27bbd4755bd323dff4a79a8fdda28215364e6ce3e069cb56c2a9"},
    {file = "PyQt5_sip-12.8.1-cp37-cp37m-win_amd64.whl", hash = "sha256:c9800729badcb247765e4ffe2241549d02da1fa435b9db224845bc37c3e99cb0"},
    {file = "PyQt5_sip-12.8.1-cp38-cp38-macosx_10_9_x86_64.whl", hash = "sha256:9312ec47cac4e33c11503bc1cbeeb0bdae619620472f38e2078c5a51020a930f"},
    {file = "PyQt5_sip-12.8.1-cp38-cp38-manylinux1_x86_64.whl", hash = "sha256:2f35e82fd7ec1e1f6716e9154721c7594956a4f5bd4f826d8c6a6453833cc2f0"},
    {file = "PyQt5_sip-12.8.1-cp38-cp38-win32.whl", hash = "sha256:da9c9f1e65b9d09e73bd75befc82961b6b61b5a3b9d0a7c832168e1415f163c6"},
    {file = "PyQt5_sip-12.8.1-cp38-cp38-win_amd64.whl", hash = "sha256:832fd60a264de4134c2824d393320838f3ab648180c9c357ec58a74524d24507"},
    {file = "PyQt5_sip-12.8.1-cp39-cp39-macosx_10_9_x86_64.whl", hash = "sha256:c317ab1263e6417c498b81f5c970a9b1af7acefab1f80b4cc0f2f8e661f29fc5"},
    {file = "PyQt5_sip-12.8.1-cp39-cp39-manylinux1_x86_64.whl", hash = "sha256:c9d6d448c29dc6606bb7974696608f81f4316c8234f7c7216396ed110075e777"},
    {file = "PyQt5_sip-12.8.1-cp39-cp39-win32.whl", hash = "sha256:5a011aeff89660622a6d5c3388d55a9d76932f3b82c95e82fc31abd8b1d2990d"},
    {file = "PyQt5_sip-12.8.1-cp39-cp39-win_amd64.whl", hash = "sha256:f168f0a7f32b81bfeffdf003c36f25d81c97dee5eb67072a5183e761fe250f13"},
    {file = "PyQt5_sip-12.8.1.tar.gz", hash = "sha256:30e944db9abee9cc757aea16906d4198129558533eb7fadbe48c5da2bd18e0bd"},
]
pyshortcuts = [
    {file = "pyshortcuts-1.7.1.tar.gz", hash = "sha256:94d87302bdd8a5ea222c56d260ea9d9bd27817d97044c47c47872e7812b22e22"},
]
pytest = [
    {file = "pytest-5.4.3-py3-none-any.whl", hash = "sha256:5c0db86b698e8f170ba4582a492248919255fcd4c79b1ee64ace34301fb589a1"},
    {file = "pytest-5.4.3.tar.gz", hash = "sha256:7979331bfcba207414f5e1263b5a0f8f521d0f457318836a7355531ed1a4c7d8"},
]
pyyaml = [
    {file = "PyYAML-5.3.1-cp27-cp27m-win32.whl", hash = "sha256:74809a57b329d6cc0fdccee6318f44b9b8649961fa73144a98735b0aaf029f1f"},
    {file = "PyYAML-5.3.1-cp27-cp27m-win_amd64.whl", hash = "sha256:240097ff019d7c70a4922b6869d8a86407758333f02203e0fc6ff79c5dcede76"},
    {file = "PyYAML-5.3.1-cp35-cp35m-win32.whl", hash = "sha256:4f4b913ca1a7319b33cfb1369e91e50354d6f07a135f3b901aca02aa95940bd2"},
    {file = "PyYAML-5.3.1-cp35-cp35m-win_amd64.whl", hash = "sha256:cc8955cfbfc7a115fa81d85284ee61147059a753344bc51098f3ccd69b0d7e0c"},
    {file = "PyYAML-5.3.1-cp36-cp36m-win32.whl", hash = "sha256:7739fc0fa8205b3ee8808aea45e968bc90082c10aef6ea95e855e10abf4a37b2"},
    {file = "PyYAML-5.3.1-cp36-cp36m-win_amd64.whl", hash = "sha256:69f00dca373f240f842b2931fb2c7e14ddbacd1397d57157a9b005a6a9942648"},
    {file = "PyYAML-5.3.1-cp37-cp37m-win32.whl", hash = "sha256:d13155f591e6fcc1ec3b30685d50bf0711574e2c0dfffd7644babf8b5102ca1a"},
    {file = "PyYAML-5.3.1-cp37-cp37m-win_amd64.whl", hash = "sha256:73f099454b799e05e5ab51423c7bcf361c58d3206fa7b0d555426b1f4d9a3eaf"},
    {file = "PyYAML-5.3.1-cp38-cp38-win32.whl", hash = "sha256:06a0d7ba600ce0b2d2fe2e78453a470b5a6e000a985dd4a4e54e436cc36b0e97"},
    {file = "PyYAML-5.3.1-cp38-cp38-win_amd64.whl", hash = "sha256:95f71d2af0ff4227885f7a6605c37fd53d3a106fcab511b8860ecca9fcf400ee"},
    {file = "PyYAML-5.3.1-cp39-cp39-win32.whl", hash = "sha256:ad9c67312c84def58f3c04504727ca879cb0013b2517c85a9a253f0cb6380c0a"},
    {file = "PyYAML-5.3.1-cp39-cp39-win_amd64.whl", hash = "sha256:6034f55dab5fea9e53f436aa68fa3ace2634918e8b5994d82f3621c04ff5ed2e"},
    {file = "PyYAML-5.3.1.tar.gz", hash = "sha256:b8eac752c5e14d3eca0e6dd9199cd627518cb5ec06add0de9d32baeee6fe645d"},
]
qtawesome = [
    {file = "QtAwesome-1.0.1-py3-none-any.whl", hash = "sha256:2c310df86f5c5758e0945bdf2f06a77368e356166c8264dcd1d30f0cf49ded6d"},
    {file = "QtAwesome-1.0.1.tar.gz", hash = "sha256:d612a313e531966d17f5a8fb7604faba961cf7ce3c77a9168c6f60e60140b767"},
]
qtpy = [
    {file = "QtPy-1.9.0-py2.py3-none-any.whl", hash = "sha256:fa0b8363b363e89b2a6f49eddc162a04c0699ae95e109a6be3bb145a913190ea"},
    {file = "QtPy-1.9.0.tar.gz", hash = "sha256:2db72c44b55d0fe1407be8fba35c838ad0d6d3bb81f23007886dc1fc0f459c8d"},
]
shellingham = [
    {file = "shellingham-1.3.2-py2.py3-none-any.whl", hash = "sha256:7f6206ae169dc1a03af8a138681b3f962ae61cc93ade84d0585cca3aaf770044"},
    {file = "shellingham-1.3.2.tar.gz", hash = "sha256:576c1982bea0ba82fb46c36feb951319d7f42214a82634233f58b40d858a751e"},
]
six = [
    {file = "six-1.15.0-py2.py3-none-any.whl", hash = "sha256:8b74bedcbbbaca38ff6d7491d76f2b06b3592611af620f8426e82dddb04a5ced"},
    {file = "six-1.15.0.tar.gz", hash = "sha256:30639c035cdb23534cd4aa2dd52c3bf48f06e5f4a941509c8bafd8ce11080259"},
]
starlette = [
    {file = "starlette-0.13.6-py3-none-any.whl", hash = "sha256:bd2ffe5e37fb75d014728511f8e68ebf2c80b0fa3d04ca1479f4dc752ae31ac9"},
    {file = "starlette-0.13.6.tar.gz", hash = "sha256:ebe8ee08d9be96a3c9f31b2cb2a24dbdf845247b745664bd8a3f9bd0c977fdbc"},
]
typer = [
    {file = "typer-0.3.2-py3-none-any.whl", hash = "sha256:ba58b920ce851b12a2d790143009fa00ac1d05b3ff3257061ff69dbdfc3d161b"},
    {file = "typer-0.3.2.tar.gz", hash = "sha256:5455d750122cff96745b0dec87368f56d023725a7ebc9d2e54dd23dc86816303"},
]
typing-extensions = [
    {file = "typing_extensions-3.7.4.3-py2-none-any.whl", hash = "sha256:dafc7639cde7f1b6e1acc0f457842a83e722ccca8eef5270af2d74792619a89f"},
    {file = "typing_extensions-3.7.4.3-py3-none-any.whl", hash = "sha256:7cb407020f00f7bfc3cb3e7881628838e69d8f3fcab2f64742a5e76b2f841918"},
    {file = "typing_extensions-3.7.4.3.tar.gz", hash = "sha256:99d4073b617d30288f569d3f13d2bd7548c3a7e4c8de87db09a9d29bb3a4a60c"},
]
typish = [
    {file = "typish-1.9.1-py3-none-any.whl", hash = "sha256:017095ef9a3570c6ec334497eb2e03bad4e61873e50c41fe59e3c73b24090359"},
]
uvicorn = [
    {file = "uvicorn-0.12.2-py3-none-any.whl", hash = "sha256:e5dbed4a8a44c7b04376021021d63798d6a7bcfae9c654a0b153577b93854fba"},
    {file = "uvicorn-0.12.2.tar.gz", hash = "sha256:8ff7495c74b8286a341526ff9efa3988ebab9a4b2f561c7438c3cb420992d7dd"},
]
wcwidth = [
    {file = "wcwidth-0.2.5-py2.py3-none-any.whl", hash = "sha256:beb4802a9cebb9144e99086eff703a642a13d6a0052920003a230f3294bbe784"},
    {file = "wcwidth-0.2.5.tar.gz", hash = "sha256:c4d647b99872929fdb7bdcaa4fbe7f01413ed3d98077df798530e5b04f116c83"},
]
zipp = [
    {file = "zipp-3.4.0-py3-none-any.whl", hash = "sha256:102c24ef8f171fd729d46599845e95c7ab894a4cf45f5de11a44cc7444fb1108"},
    {file = "zipp-3.4.0.tar.gz", hash = "sha256:ed5eee1974372595f9e416cc7bbeeb12335201d8081ca8a0743c954d4446e5cb"},
]
